
Microsoft Visual Studio Solution File, Format Version 12.00
# Visual Studio Version 17
VisualStudioVersion = 17.4.33122.133
MinimumVisualStudioVersion = 10.0.40219.1
Project("{8BC9CEB8-8B4A-11D0-8D11-00A0C91BC942}") = "bscs22119_shogi", "bscs22119_shogi\bscs22119_shogi.vcxproj", "{98DC95E2-AABA-4414-9267-18F445E2A7BC}"
EndProject
Project("{2150E333-8FDC-42A3-9474-1A3956D46DE8}") = "Solution Items", "Solution Items", "{DA5C92A1-2F28-478D-ADCE-F210628A69F6}"
	ProjectSection(SolutionItems) = preProject
		load.txt = load.txt
	EndProjectSection
EndProject
Global
	GlobalSection(SolutionConfigurationPlatforms) = preSolution
		Debug|x64 = Debug|x64
		Debug|x86 = Debug|x86
		Release|x64 = Release|x64
		Release|x86 = Release|x86
	EndGlobalSection
	GlobalSection(ProjectConfigurationPlatforms) = postSolution
		{98DC95E2-AABA-4414-9267-18F445E2A7BC}.Debug|x64.ActiveCfg = Debug|x64
		{98DC95E2-AABA-4414-9267-18F445E2A7BC}.Debug|x64.Build.0 = Debug|x64
		{98DC95E2-AABA-4414-9267-18F445E2A7BC}.Debug|x86.ActiveCfg = Debug|Win32
		{98DC95E2-AABA-4414-9267-18F445E2A7BC}.Debug|x86.Build.0 = Debug|Win32
		{98DC95E2-AABA-4414-9267-18F445E2A7BC}.Release|x64.ActiveCfg = Release|x64
		{98DC95E2-AABA-4414-9267-18F445E2A7BC}.Release|x64.Build.0 = Release|x64
		{98DC95E2-AABA-4414-9267-18F445E2A7BC}.Release|x86.ActiveCfg = Release|Win32
		{98DC95E2-AABA-4414-9267-18F445E2A7BC}.Release|x86.Build.0 = Release|Win32
	EndGlobalSection
	GlobalSection(SolutionProperties) = preSolution
		HideSolutionNode = FALSE
	EndGlobalSection
	GlobalSection(ExtensibilityGlobals) = postSolution
		SolutionGuid = {5074B73D-DB3D-4AA9-B677-4E2BF27E29C1}
	EndGlobalSection
EndGlobal
